// !$*UTF8*$!
{
	archiveVersion = 1;
	classes = {
	};
	objectVersion = 56;
	objects = {

/* Begin PBXBuildFile section */
		8690E31B29145011007EC186 /* PresidentsListApp.swift in Sources */ = {isa = PBXBuildFile; fileRef = 8690E31A29145011007EC186 /* PresidentsListApp.swift */; };
		8690E31D29145011007EC186 /* ContentView.swift in Sources */ = {isa = PBXBuildFile; fileRef = 8690E31C29145011007EC186 /* ContentView.swift */; };
		8690E31F29145013007EC186 /* Assets.xcassets in Resources */ = {isa = PBXBuildFile; fileRef = 8690E31E29145013007EC186 /* Assets.xcassets */; };
		8690E32229145013007EC186 /* Preview Assets.xcassets in Resources */ = {isa = PBXBuildFile; fileRef = 8690E32129145013007EC186 /* Preview Assets.xcassets */; };
		8690E34A291451FA007EC186 /* presidents.plist in Resources */ = {isa = PBXBuildFile; fileRef = 8690E349291451FA007EC186 /* presidents.plist */; };
		8690E34E29145573007EC186 /* PresidentsViewModel.swift in Sources */ = {isa = PBXBuildFile; fileRef = 8690E34D29145573007EC186 /* PresidentsViewModel.swift */; };
		8690E35029145987007EC186 /* PresidentsListModelView.swift in Sources */ = {isa = PBXBuildFile; fileRef = 8690E34F29145987007EC186 /* PresidentsListModelView.swift */; };
		8690E35329145B9C007EC186 /* USPresident.swift in Sources */ = {isa = PBXBuildFile; fileRef = 8690E35229145B9C007EC186 /* USPresident.swift */; };
		8690E35529145CF1007EC186 /* PresidentDetailView.swift in Sources */ = {isa = PBXBuildFile; fileRef = 8690E35429145CF1007EC186 /* PresidentDetailView.swift */; };
		8690E35729145CFE007EC186 /* PresidentCellView.swift in Sources */ = {isa = PBXBuildFile; fileRef = 8690E35629145CFE007EC186 /* PresidentCellView.swift */; };
/* End PBXBuildFile section */

/* Begin PBXContainerItemProxy section */
		8690E32D29145013007EC186 /* PBXContainerItemProxy */ = {
			isa = PBXContainerItemProxy;
			containerPortal = 8690E30F29145011007EC186 /* Project object */;
			proxyType = 1;
			remoteGlobalIDString = 8690E31629145011007EC186;
			remoteInfo = PresidentsList;
		};
		8690E33729145013007EC186 /* PBXContainerItemProxy */ = {
			isa = PBXContainerItemProxy;
			containerPortal = 8690E30F29145011007EC186 /* Project object */;
			proxyType = 1;
			remoteGlobalIDString = 8690E31629145011007EC186;
			remoteInfo = PresidentsList;
		};
/* End PBXContainerItemProxy section */

/* Begin PBXFileReference section */
		8690E31729145011007EC186 /* PresidentsList.app */ = {isa = PBXFileReference; explicitFileType = wrapper.application; includeInIndex = 0; path = PresidentsList.app; sourceTree = BUILT_PRODUCTS_DIR; };
		8690E31A29145011007EC186 /* PresidentsListApp.swift */ = {isa = PBXFileReference; lastKnownFileType = sourcecode.swift; path = PresidentsListApp.swift; sourceTree = "<group>"; };
		8690E31C29145011007EC186 /* ContentView.swift */ = {isa = PBXFileReference; lastKnownFileType = sourcecode.swift; path = ContentView.swift; sourceTree = "<group>"; };
		8690E31E29145013007EC186 /* Assets.xcassets */ = {isa = PBXFileReference; lastKnownFileType = folder.assetcatalog; path = Assets.xcassets; sourceTree = "<group>"; };
		8690E32129145013007EC186 /* Preview Assets.xcassets */ = {isa = PBXFileReference; lastKnownFileType = folder.assetcatalog; path = "Preview Assets.xcassets"; sourceTree = "<group>"; };
		8690E32C29145013007EC186 /* PresidentsListTests.xctest */ = {isa = PBXFileReference; explicitFileType = wrapper.cfbundle; includeInIndex = 0; path = PresidentsListTests.xctest; sourceTree = BUILT_PRODUCTS_DIR; };
		8690E33629145013007EC186 /* PresidentsListUITests.xctest */ = {isa = PBXFileReference; explicitFileType = wrapper.cfbundle; includeInIndex = 0; path = PresidentsListUITests.xctest; sourceTree = BUILT_PRODUCTS_DIR; };
		8690E349291451FA007EC186 /* presidents.plist */ = {isa = PBXFileReference; fileEncoding = 4; lastKnownFileType = text.plist.xml; path = presidents.plist; sourceTree = "<group>"; };
		8690E34D29145573007EC186 /* PresidentsViewModel.swift */ = {isa = PBXFileReference; lastKnownFileType = sourcecode.swift; path = PresidentsViewModel.swift; sourceTree = "<group>"; };
		8690E34F29145987007EC186 /* PresidentsListModelView.swift */ = {isa = PBXFileReference; lastKnownFileType = sourcecode.swift; path = PresidentsListModelView.swift; sourceTree = "<group>"; };
		8690E35229145B9C007EC186 /* USPresident.swift */ = {isa = PBXFileReference; lastKnownFileType = sourcecode.swift; path = USPresident.swift; sourceTree = "<group>"; };
		8690E35429145CF1007EC186 /* PresidentDetailView.swift */ = {isa = PBXFileReference; lastKnownFileType = sourcecode.swift; path = PresidentDetailView.swift; sourceTree = "<group>"; };
		8690E35629145CFE007EC186 /* PresidentCellView.swift */ = {isa = PBXFileReference; lastKnownFileType = sourcecode.swift; path = PresidentCellView.swift; sourceTree = "<group>"; };
/* End PBXFileReference section */

/* Begin PBXFrameworksBuildPhase section */
		8690E31429145011007EC186 /* Frameworks */ = {
			isa = PBXFrameworksBuildPhase;
			buildActionMask = 2147483647;
			files = (
			);
			runOnlyForDeploymentPostprocessing = 0;
		};
		8690E32929145013007EC186 /* Frameworks */ = {
			isa = PBXFrameworksBuildPhase;
			buildActionMask = 2147483647;
			files = (
			);
			runOnlyForDeploymentPostprocessing = 0;
		};
		8690E33329145013007EC186 /* Frameworks */ = {
			isa = PBXFrameworksBuildPhase;
			buildActionMask = 2147483647;
			files = (
			);
			runOnlyForDeploymentPostprocessing = 0;
		};
/* End PBXFrameworksBuildPhase section */

/* Begin PBXGroup section */
		8690E30E29145011007EC186 = {
			isa = PBXGroup;
			children = (
				8690E31929145011007EC186 /* PresidentsList */,
				8690E31829145011007EC186 /* Products */,
			);
			sourceTree = "<group>";
		};
		8690E31829145011007EC186 /* Products */ = {
			isa = PBXGroup;
			children = (
				8690E31729145011007EC186 /* PresidentsList.app */,
				8690E32C29145013007EC186 /* PresidentsListTests.xctest */,
				8690E33629145013007EC186 /* PresidentsListUITests.xctest */,
			);
			name = Products;
			sourceTree = "<group>";
		};
		8690E31929145011007EC186 /* PresidentsList */ = {
			isa = PBXGroup;
			children = (
				8690E35129145B8D007EC186 /* Models */,
				8690E34C2914555B007EC186 /* View Models */,
				8690E34B2914548C007EC186 /* Views */,
				8690E349291451FA007EC186 /* presidents.plist */,
				8690E31A29145011007EC186 /* PresidentsListApp.swift */,
				8690E31E29145013007EC186 /* Assets.xcassets */,
				8690E32029145013007EC186 /* Preview Content */,
			);
			path = PresidentsList;
			sourceTree = "<group>";
		};
		8690E32029145013007EC186 /* Preview Content */ = {
			isa = PBXGroup;
			children = (
				8690E32129145013007EC186 /* Preview Assets.xcassets */,
			);
			path = "Preview Content";
			sourceTree = "<group>";
		};
		8690E34B2914548C007EC186 /* Views */ = {
			isa = PBXGroup;
			children = (
				8690E31C29145011007EC186 /* ContentView.swift */,
				8690E35429145CF1007EC186 /* PresidentDetailView.swift */,
				8690E35629145CFE007EC186 /* PresidentCellView.swift */,
			);
			path = Views;
			sourceTree = "<group>";
		};
		8690E34C2914555B007EC186 /* View Models */ = {
			isa = PBXGroup;
			children = (
				8690E34D29145573007EC186 /* PresidentsViewModel.swift */,
				8690E34F29145987007EC186 /* PresidentsListModelView.swift */,
			);
			path = "View Models";
			sourceTree = "<group>";
		};
		8690E35129145B8D007EC186 /* Models */ = {
			isa = PBXGroup;
			children = (
				8690E35229145B9C007EC186 /* USPresident.swift */,
			);
			path = Models;
			sourceTree = "<group>";
		};
/* End PBXGroup section */

/* Begin PBXNativeTarget section */
		8690E31629145011007EC186 /* PresidentsList */ = {
			isa = PBXNativeTarget;
			buildConfigurationList = 8690E34029145013007EC186 /* Build configuration list for PBXNativeTarget "PresidentsList" */;
			buildPhases = (
				8690E31329145011007EC186 /* Sources */,
				8690E31429145011007EC186 /* Frameworks */,
				8690E31529145011007EC186 /* Resources */,
			);
			buildRules = (
			);
			dependencies = (
			);
			name = PresidentsList;
			productName = PresidentsList;
			productReference = 8690E31729145011007EC186 /* PresidentsList.app */;
			productType = "com.apple.product-type.application";
		};
		8690E32B29145013007EC186 /* PresidentsListTests */ = {
			isa = PBXNativeTarget;
			buildConfigurationList = 8690E34329145013007EC186 /* Build configuration list for PBXNativeTarget "PresidentsListTests" */;
			buildPhases = (
				8690E32829145013007EC186 /* Sources */,
				8690E32929145013007EC186 /* Frameworks */,
				8690E32A29145013007EC186 /* Resources */,
			);
			buildRules = (
			);
			dependencies = (
				8690E32E29145013007EC186 /* PBXTargetDependency */,
			);
			name = PresidentsListTests;
			productName = PresidentsListTests;
			productReference = 8690E32C29145013007EC186 /* PresidentsListTests.xctest */;
			productType = "com.apple.product-type.bundle.unit-test";
		};
		8690E33529145013007EC186 /* PresidentsListUITests */ = {
			isa = PBXNativeTarget;
			buildConfigurationList = 8690E34629145013007EC186 /* Build configuration list for PBXNativeTarget "PresidentsListUITests" */;
			buildPhases = (
				8690E33229145013007EC186 /* Sources */,
				8690E33329145013007EC186 /* Frameworks */,
				8690E33429145013007EC186 /* Resources */,
			);
			buildRules = (
			);
			dependencies = (
				8690E33829145013007EC186 /* PBXTargetDependency */,
			);
			name = PresidentsListUITests;
			productName = PresidentsListUITests;
			productReference = 8690E33629145013007EC186 /* PresidentsListUITests.xctest */;
			productType = "com.apple.product-type.bundle.ui-testing";
		};
/* End PBXNativeTarget section */

/* Begin PBXProject section */
		8690E30F29145011007EC186 /* Project object */ = {
			isa = PBXProject;
			attributes = {
				BuildIndependentTargetsInParallel = 1;
				LastSwiftUpdateCheck = 1400;
				LastUpgradeCheck = 1400;
				TargetAttributes = {
					8690E31629145011007EC186 = {
						CreatedOnToolsVersion = 14.0.1;
					};
					8690E32B29145013007EC186 = {
						CreatedOnToolsVersion = 14.0.1;
						TestTargetID = 8690E31629145011007EC186;
					};
					8690E33529145013007EC186 = {
						CreatedOnToolsVersion = 14.0.1;
						TestTargetID = 8690E31629145011007EC186;
					};
				};
			};
			buildConfigurationList = 8690E31229145011007EC186 /* Build configuration list for PBXProject "PresidentsList" */;
			compatibilityVersion = "Xcode 14.0";
			developmentRegion = en;
			hasScannedForEncodings = 0;
			knownRegions = (
				en,
				Base,
			);
			mainGroup = 8690E30E29145011007EC186;
			productRefGroup = 8690E31829145011007EC186 /* Products */;
			projectDirPath = "";
			projectRoot = "";
			targets = (
				8690E31629145011007EC186 /* PresidentsList */,
				8690E32B29145013007EC186 /* PresidentsListTests */,
				8690E33529145013007EC186 /* PresidentsListUITests */,
			);
		};
/* End PBXProject section */

/* Begin PBXResourcesBuildPhase section */
		8690E31529145011007EC186 /* Resources */ = {
			isa = PBXResourcesBuildPhase;
			buildActionMask = 2147483647;
			files = (
				8690E32229145013007EC186 /* Preview Assets.xcassets in Resources */,
				8690E34A291451FA007EC186 /* presidents.plist in Resources */,
				8690E31F29145013007EC186 /* Assets.xcassets in Resources */,
			);
			runOnlyForDeploymentPostprocessing = 0;
		};
		8690E32A29145013007EC186 /* Resources */ = {
			isa = PBXResourcesBuildPhase;
			buildActionMask = 2147483647;
			files = (
			);
			runOnlyForDeploymentPostprocessing = 0;
		};
		8690E33429145013007EC186 /* Resources */ = {
			isa = PBXResourcesBuildPhase;
			buildActionMask = 2147483647;
			files = (
			);
			runOnlyForDeploymentPostprocessing = 0;
		};
/* End PBXResourcesBuildPhase section */

/* Begin PBXSourcesBuildPhase section */
		8690E31329145011007EC186 /* Sources */ = {
			isa = PBXSourcesBuildPhase;
			buildActionMask = 2147483647;
			files = (
				8690E35529145CF1007EC186 /* PresidentDetailView.swift in Sources */,
				8690E31D29145011007EC186 /* ContentView.swift in Sources */,
				8690E35729145CFE007EC186 /* PresidentCellView.swift in Sources */,
				8690E35029145987007EC186 /* PresidentsListModelView.swift in Sources */,
				8690E31B29145011007EC186 /* PresidentsListApp.swift in Sources */,
				8690E34E29145573007EC186 /* PresidentsViewModel.swift in Sources */,
				8690E35329145B9C007EC186 /* USPresident.swift in Sources */,
			);
			runOnlyForDeploymentPostprocessing = 0;
		};
		8690E32829145013007EC186 /* Sources */ = {
			isa = PBXSourcesBuildPhase;
			buildActionMask = 2147483647;
			files = (
			);
			runOnlyForDeploymentPostprocessing = 0;
		};
		8690E33229145013007EC186 /* Sources */ = {
			isa = PBXSourcesBuildPhase;
			buildActionMask = 2147483647;
			files = (
			);
			runOnlyForDeploymentPostprocessing = 0;
		};
/* End PBXSourcesBuildPhase section */

/* Begin PBXTargetDependency section */
		8690E32E29145013007EC186 /* PBXTargetDependency */ = {
			isa = PBXTargetDependency;
			target = 8690E31629145011007EC186 /* PresidentsList */;
			targetProxy = 8690E32D29145013007EC186 /* PBXContainerItemProxy */;
		};
		8690E33829145013007EC186 /* PBXTargetDependency */ = {
			isa = PBXTargetDependency;
			target = 8690E31629145011007EC186 /* PresidentsList */;
			targetProxy = 8690E33729145013007EC186 /* PBXContainerItemProxy */;
		};
/* End PBXTargetDependency section */

/* Begin XCBuildConfiguration section */
		8690E33E29145013007EC186 /* Debug */ = {
			isa = XCBuildConfiguration;
			buildSettings = {
				ALWAYS_SEARCH_USER_PATHS = NO;
				CLANG_ANALYZER_NONNULL = YES;
				CLANG_ANALYZER_NUMBER_OBJECT_CONVERSION = YES_AGGRESSIVE;
				CLANG_CXX_LANGUAGE_STANDARD = "gnu++20";
				CLANG_ENABLE_MODULES = YES;
				CLANG_ENABLE_OBJC_ARC = YES;
				CLANG_ENABLE_OBJC_WEAK = YES;
				CLANG_WARN_BLOCK_CAPTURE_AUTORELEASING = YES;
				CLANG_WARN_BOOL_CONVERSION = YES;
				CLANG_WARN_COMMA = YES;
				CLANG_WARN_CONSTANT_CONVERSION = YES;
				CLANG_WARN_DEPRECATED_OBJC_IMPLEMENTATIONS = YES;
				CLANG_WARN_DIRECT_OBJC_ISA_USAGE = YES_ERROR;
				CLANG_WARN_DOCUMENTATION_COMMENTS = YES;
				CLANG_WARN_EMPTY_BODY = YES;
				CLANG_WARN_ENUM_CONVERSION = YES;
				CLANG_WARN_INFINITE_RECURSION = YES;
				CLANG_WARN_INT_CONVERSION = YES;
				CLANG_WARN_NON_LITERAL_NULL_CONVERSION = YES;
				CLANG_WARN_OBJC_IMPLICIT_RETAIN_SELF = YES;
				CLANG_WARN_OBJC_LITERAL_CONVERSION = YES;
				CLANG_WARN_OBJC_ROOT_CLASS = YES_ERROR;
				CLANG_WARN_QUOTED_INCLUDE_IN_FRAMEWORK_HEADER = YES;
				CLANG_WARN_RANGE_LOOP_ANALYSIS = YES;
				CLANG_WARN_STRICT_PROTOTYPES = YES;
				CLANG_WARN_SUSPICIOUS_MOVE = YES;
				CLANG_WARN_UNGUARDED_AVAILABILITY = YES_AGGRESSIVE;
				CLANG_WARN_UNREACHABLE_CODE = YES;
				CLANG_WARN__DUPLICATE_METHOD_MATCH = YES;
				COPY_PHASE_STRIP = NO;
				DEBUG_INFORMATION_FORMAT = dwarf;
				ENABLE_STRICT_OBJC_MSGSEND = YES;
				ENABLE_TESTABILITY = YES;
				GCC_C_LANGUAGE_STANDARD = gnu11;
				GCC_DYNAMIC_NO_PIC = NO;
				GCC_NO_COMMON_BLOCKS = YES;
				GCC_OPTIMIZATION_LEVEL = 0;
				GCC_PREPROCESSOR_DEFINITIONS = (
					"DEBUG=1",
					"$(inherited)",
				);
				GCC_WARN_64_TO_32_BIT_CONVERSION = YES;
				GCC_WARN_ABOUT_RETURN_TYPE = YES_ERROR;
				GCC_WARN_UNDECLARED_SELECTOR = YES;
				GCC_WARN_UNINITIALIZED_AUTOS = YES_AGGRESSIVE;
				GCC_WARN_UNUSED_FUNCTION = YES;
				GCC_WARN_UNUSED_VARIABLE = YES;
				IPHONEOS_DEPLOYMENT_TARGET = 16.0;
				MTL_ENABLE_DEBUG_INFO = INCLUDE_SOURCE;
				MTL_FAST_MATH = YES;
				ONLY_ACTIVE_ARCH = YES;
				SDKROOT = iphoneos;
				SWIFT_ACTIVE_COMPILATION_CONDITIONS = DEBUG;
				SWIFT_OPTIMIZATION_LEVEL = "-Onone";
			};
			name = Debug;
		};
		8690E33F29145013007EC186 /* Release */ = {
			isa = XCBuildConfiguration;
			buildSettings = {
				ALWAYS_SEARCH_USER_PATHS = NO;
				CLANG_ANALYZER_NONNULL = YES;
				CLANG_ANALYZER_NUMBER_OBJECT_CONVERSION = YES_AGGRESSIVE;
				CLANG_CXX_LANGUAGE_STANDARD = "gnu++20";
				CLANG_ENABLE_MODULES = YES;
				CLANG_ENABLE_OBJC_ARC = YES;
				CLANG_ENABLE_OBJC_WEAK = YES;
				CLANG_WARN_BLOCK_CAPTURE_AUTORELEASING = YES;
				CLANG_WARN_BOOL_CONVERSION = YES;
				CLANG_WARN_COMMA = YES;
				CLANG_WARN_CONSTANT_CONVERSION = YES;
				CLANG_WARN_DEPRECATED_OBJC_IMPLEMENTATIONS = YES;
				CLANG_WARN_DIRECT_OBJC_ISA_USAGE = YES_ERROR;
				CLANG_WARN_DOCUMENTATION_COMMENTS = YES;
				CLANG_WARN_EMPTY_BODY = YES;
				CLANG_WARN_ENUM_CONVERSION = YES;
				CLANG_WARN_INFINITE_RECURSION = YES;
				CLANG_WARN_INT_CONVERSION = YES;
				CLANG_WARN_NON_LITERAL_NULL_CONVERSION = YES;
				CLANG_WARN_OBJC_IMPLICIT_RETAIN_SELF = YES;
				CLANG_WARN_OBJC_LITERAL_CONVERSION = YES;
				CLANG_WARN_OBJC_ROOT_CLASS = YES_ERROR;
				CLANG_WARN_QUOTED_INCLUDE_IN_FRAMEWORK_HEADER = YES;
				CLANG_WARN_RANGE_LOOP_ANALYSIS = YES;
				CLANG_WARN_STRICT_PROTOTYPES = YES;
				CLANG_WARN_SUSPICIOUS_MOVE = YES;
				CLANG_WARN_UNGUARDED_AVAILABILITY = YES_AGGRESSIVE;
				CLANG_WARN_UNREACHABLE_CODE = YES;
				CLANG_WARN__DUPLICATE_METHOD_MATCH = YES;
				COPY_PHASE_STRIP = NO;
				DEBUG_INFORMATION_FORMAT = "dwarf-with-dsym";
				ENABLE_NS_ASSERTIONS = NO;
				ENABLE_STRICT_OBJC_MSGSEND = YES;
				GCC_C_LANGUAGE_STANDARD = gnu11;
				GCC_NO_COMMON_BLOCKS = YES;
				GCC_WARN_64_TO_32_BIT_CONVERSION = YES;
				GCC_WARN_ABOUT_RETURN_TYPE = YES_ERROR;
				GCC_WARN_UNDECLARED_SELECTOR = YES;
				GCC_WARN_UNINITIALIZED_AUTOS = YES_AGGRESSIVE;
				GCC_WARN_UNUSED_FUNCTION = YES;
				GCC_WARN_UNUSED_VARIABLE = YES;
				IPHONEOS_DEPLOYMENT_TARGET = 16.0;
				MTL_ENABLE_DEBUG_INFO = NO;
				MTL_FAST_MATH = YES;
				SDKROOT = iphoneos;
				SWIFT_COMPILATION_MODE = wholemodule;
				SWIFT_OPTIMIZATION_LEVEL = "-O";
				VALIDATE_PRODUCT = YES;
			};
			name = Release;
		};
		8690E34129145013007EC186 /* Debug */ = {
			isa = XCBuildConfiguration;
			buildSettings = {
				ASSETCATALOG_COMPILER_APPICON_NAME = AppIcon;
				ASSETCATALOG_COMPILER_GLOBAL_ACCENT_COLOR_NAME = AccentColor;
				CODE_SIGN_STYLE = Automatic;
				CURRENT_PROJECT_VERSION = 1;
				DEVELOPMENT_ASSET_PATHS = "\"PresidentsList/Preview Content\"";
				ENABLE_PREVIEWS = YES;
				GENERATE_INFOPLIST_FILE = YES;
				INFOPLIST_KEY_UIApplicationSceneManifest_Generation = YES;
				INFOPLIST_KEY_UIApplicationSupportsIndirectInputEvents = YES;
				INFOPLIST_KEY_UILaunchScreen_Generation = YES;
				INFOPLIST_KEY_UISupportedInterfaceOrientations_iPad = "UIInterfaceOrientationPortrait UIInterfaceOrientationPortraitUpsideDown UIInterfaceOrientationLandscapeLeft UIInterfaceOrientationLandscapeRight";
				INFOPLIST_KEY_UISupportedInterfaceOrientations_iPhone = "UIInterfaceOrientationPortrait UIInterfaceOrientationLandscapeLeft UIInterfaceOrientationLandscapeRight";
				LD_RUNPATH_SEARCH_PATHS = (
					"$(inherited)",
					"@executable_path/Frameworks",
				);
				MARKETING_VERSION = 1.0;
				PRODUCT_BUNDLE_IDENTIFIER = z1885782.niu.edu.PresidentsList;
				PRODUCT_NAME = "$(TARGET_NAME)";
				SWIFT_EMIT_LOC_STRINGS = YES;
				SWIFT_VERSION = 5.0;
				TARGETED_DEVICE_FAMILY = "1,2";
			};
			name = Debug;
		};
		8690E34229145013007EC186 /* Release */ = {
			isa = XCBuildConfiguration;
			buildSettings = {
				ASSETCATALOG_COMPILER_APPICON_NAME = AppIcon;
				ASSETCATALOG_COMPILER_GLOBAL_ACCENT_COLOR_NAME = AccentColor;
				CODE_SIGN_STYLE = Automatic;
				CURRENT_PROJECT_VERSION = 1;
				DEVELOPMENT_ASSET_PATHS = "\"PresidentsList/Preview Content\"";
				ENABLE_PREVIEWS = YES;
				GENERATE_INFOPLIST_FILE = YES;
				INFOPLIST_KEY_UIApplicationSceneManifest_Generation = YES;
				INFOPLIST_KEY_UIApplicationSupportsIndirectInputEvents = YES;
				INFOPLIST_KEY_UILaunchScreen_Generation = YES;
				INFOPLIST_KEY_UISupportedInterfaceOrientations_iPad = "UIInterfaceOrientationPortrait UIInterfaceOrientationPortraitUpsideDown UIInterfaceOrientationLandscapeLeft UIInterfaceOrientationLandscapeRight";
				INFOPLIST_KEY_UISupportedInterfaceOrientations_iPhone = "UIInterfaceOrientationPortrait UIInterfaceOrientationLandscapeLeft UIInterfaceOrientationLandscapeRight";
				LD_RUNPATH_SEARCH_PATHS = (
					"$(inherited)",
					"@executable_path/Frameworks",
				);
				MARKETING_VERSION = 1.0;
				PRODUCT_BUNDLE_IDENTIFIER = z1885782.niu.edu.PresidentsList;
				PRODUCT_NAME = "$(TARGET_NAME)";
				SWIFT_EMIT_LOC_STRINGS = YES;
				SWIFT_VERSION = 5.0;
				TARGETED_DEVICE_FAMILY = "1,2";
			};
			name = Release;
		};
		8690E34429145013007EC186 /* Debug */ = {
			isa = XCBuildConfiguration;
			buildSettings = {
				ALWAYS_EMBED_SWIFT_STANDARD_LIBRARIES = YES;
				BUNDLE_LOADER = "$(TEST_HOST)";
				CODE_SIGN_STYLE = Automatic;
				CURRENT_PROJECT_VERSION = 1;
				GENERATE_INFOPLIST_FILE = YES;
				IPHONEOS_DEPLOYMENT_TARGET = 16.0;
				MARKETING_VERSION = 1.0;
				PRODUCT_BUNDLE_IDENTIFIER = z1885782.niu.edu.PresidentsListTests;
				PRODUCT_NAME = "$(TARGET_NAME)";
				SWIFT_EMIT_LOC_STRINGS = NO;
				SWIFT_VERSION = 5.0;
				TARGETED_DEVICE_FAMILY = "1,2";
				TEST_HOST = "$(BUILT_PRODUCTS_DIR)/PresidentsList.app/$(BUNDLE_EXECUTABLE_FOLDER_PATH)/PresidentsList";
			};
			name = Debug;
		};
		8690E34529145013007EC186 /* Release */ = {
			isa = XCBuildConfiguration;
			buildSettings = {
				ALWAYS_EMBED_SWIFT_STANDARD_LIBRARIES = YES;
				BUNDLE_LOADER = "$(TEST_HOST)";
				CODE_SIGN_STYLE = Automatic;
				CURRENT_PROJECT_VERSION = 1;
				GENERATE_INFOPLIST_FILE = YES;
				IPHONEOS_DEPLOYMENT_TARGET = 16.0;
				MARKETING_VERSION = 1.0;
				PRODUCT_BUNDLE_IDENTIFIER = z1885782.niu.edu.PresidentsListTests;
				PRODUCT_NAME = "$(TARGET_NAME)";
				SWIFT_EMIT_LOC_STRINGS = NO;
				SWIFT_VERSION = 5.0;
				TARGETED_DEVICE_FAMILY = "1,2";
				TEST_HOST = "$(BUILT_PRODUCTS_DIR)/PresidentsList.app/$(BUNDLE_EXECUTABLE_FOLDER_PATH)/PresidentsList";
			};
			name = Release;
		};
		8690E34729145013007EC186 /* Debug */ = {
			isa = XCBuildConfiguration;
			buildSettings = {
				ALWAYS_EMBED_SWIFT_STANDARD_LIBRARIES = YES;
				CODE_SIGN_STYLE = Automatic;
				CURRENT_PROJECT_VERSION = 1;
				GENERATE_INFOPLIST_FILE = YES;
				MARKETING_VERSION = 1.0;
				PRODUCT_BUNDLE_IDENTIFIER = z1885782.niu.edu.PresidentsListUITests;
				PRODUCT_NAME = "$(TARGET_NAME)";
				SWIFT_EMIT_LOC_STRINGS = NO;
				SWIFT_VERSION = 5.0;
				TARGETED_DEVICE_FAMILY = "1,2";
				TEST_TARGET_NAME = PresidentsList;
			};
			name = Debug;
		};
		8690E34829145013007EC186 /* Release */ = {
			isa = XCBuildConfiguration;
			buildSettings = {
				ALWAYS_EMBED_SWIFT_STANDARD_LIBRARIES = YES;
				CODE_SIGN_STYLE = Automatic;
				CURRENT_PROJECT_VERSION = 1;
				GENERATE_INFOPLIST_FILE = YES;
				MARKETING_VERSION = 1.0;
				PRODUCT_BUNDLE_IDENTIFIER = z1885782.niu.edu.PresidentsListUITests;
				PRODUCT_NAME = "$(TARGET_NAME)";
				SWIFT_EMIT_LOC_STRINGS = NO;
				SWIFT_VERSION = 5.0;
				TARGETED_DEVICE_FAMILY = "1,2";
				TEST_TARGET_NAME = PresidentsList;
			};
			name = Release;
		};
/* End XCBuildConfiguration section */

/* Begin XCConfigurationList section */
		8690E31229145011007EC186 /* Build configuration list for PBXProject "PresidentsList" */ = {
			isa = XCConfigurationList;
			buildConfigurations = (
				8690E33E29145013007EC186 /* Debug */,
				8690E33F29145013007EC186 /* Release */,
			);
			defaultConfigurationIsVisible = 0;
			defaultConfigurationName = Release;
		};
		8690E34029145013007EC186 /* Build configuration list for PBXNativeTarget "PresidentsList" */ = {
			isa = XCConfigurationList;
			buildConfigurations = (
				8690E34129145013007EC186 /* Debug */,
				8690E34229145013007EC186 /* Release */,
			);
			defaultConfigurationIsVisible = 0;
			defaultConfigurationName = Release;
		};
		8690E34329145013007EC186 /* Build configuration list for PBXNativeTarget "PresidentsListTests" */ = {
			isa = XCConfigurationList;
			buildConfigurations = (
				8690E34429145013007EC186 /* Debug */,
				8690E34529145013007EC186 /* Release */,
			);
			defaultConfigurationIsVisible = 0;
			defaultConfigurationName = Release;
		};
		8690E34629145013007EC186 /* Build configuration list for PBXNativeTarget "PresidentsListUITests" */ = {
			isa = XCConfigurationList;
			buildConfigurations = (
				8690E34729145013007EC186 /* Debug */,
				8690E34829145013007EC186 /* Release */,
			);
			defaultConfigurationIsVisible = 0;
			defaultConfigurationName = Release;
		};
/* End XCConfigurationList section */
	};
	rootObject = 8690E30F29145011007EC186 /* Project object */;
}
